Microsoft Visual Studio Solution File, Format Version 9.00
# Visual Studio 2005
Project("{F184B08F-C81C-45F6-A57F-5ABD9991F28F}") = "mw_rdp", "mw_rdp\mw_rdp.vbproj", "{46911468-DB08-4B2B-9DD8-9C68160F2294}"
EndProject
Global
	GlobalSection(SolutionConfigurationPlatforms) = preSolution
		Debug|Any CPU = Debug|Any CPU
		Release|Any CPU = Release|Any CPU
	EndGlobalSection
	GlobalSection(ProjectConfigurationPlatforms) = postSolution
		{46911468-DB08-4B2B-9DD8-9C68160F2294}.Debug|Any CPU.ActiveCfg = Debug|Any CPU
		{46911468-DB08-4B2B-9DD8-9C68160F2294}.Debug|Any CPU.Build.0 = Debug|Any CPU
		{46911468-DB08-4B2B-9DD8-9C68160F2294}.Release|Any CPU.ActiveCfg = Release|Any CPU
		{46911468-DB08-4B2B-9DD8-9C68160F2294}.Release|Any CPU.Build.0 = Release|Any CPU
	EndGlobalSection
	GlobalSection(SolutionProperties) = preSolution
		HideSolutionNode = FALSE
	EndGlobalSection
EndGlobal
